// !$*UTF8*$!
{
	archiveVersion = 1;
	classes = {
	};
	objectVersion = 56;
	objects = {

/* Begin PBXBuildFile section */
		111463F82A71BE27005DFAD2 /* SplashVC.swift in Sources */ = {isa = PBXBuildFile; fileRef = 111463F72A71BE27005DFAD2 /* SplashVC.swift */; };
		113C35C42A741CCB00E66983 /* Lottie in Frameworks */ = {isa = PBXBuildFile; productRef = 113C35C32A741CCB00E66983 /* Lottie */; };
		113C35C82A743C2600E66983 /* Launch Screen.storyboard in Resources */ = {isa = PBXBuildFile; fileRef = 113C35C72A743C2600E66983 /* Launch Screen.storyboard */; };
		114DEF402A7C3F2300232B66 /* UserStars+CoreDataClass.swift in Sources */ = {isa = PBXBuildFile; fileRef = 114DEF3C2A7C3F2300232B66 /* UserStars+CoreDataClass.swift */; };
		114DEF422A7C3F2300232B66 /* UserResponse+CoreDataClass.swift in Sources */ = {isa = PBXBuildFile; fileRef = 114DEF3E2A7C3F2300232B66 /* UserResponse+CoreDataClass.swift */; };
		114FD7602A9670F2004F98FA /* StarChecks+CoreDataClass.swift in Sources */ = {isa = PBXBuildFile; fileRef = 114FD75E2A9670F2004F98FA /* StarChecks+CoreDataClass.swift */; };
		11D7406E2A703C0E00D1F3B4 /* AppDelegate.swift in Sources */ = {isa = PBXBuildFile; fileRef = 11D7406D2A703C0E00D1F3B4 /* AppDelegate.swift */; };
		11D740702A703C0E00D1F3B4 /* SceneDelegate.swift in Sources */ = {isa = PBXBuildFile; fileRef = 11D7406F2A703C0E00D1F3B4 /* SceneDelegate.swift */; };
		11D740752A703C0E00D1F3B4 /* Main.storyboard in Resources */ = {isa = PBXBuildFile; fileRef = 11D740732A703C0E00D1F3B4 /* Main.storyboard */; };
		11D740782A703C0E00D1F3B4 /* AstroQuizz.xcdatamodeld in Sources */ = {isa = PBXBuildFile; fileRef = 11D740762A703C0E00D1F3B4 /* AstroQuizz.xcdatamodeld */; };
		11D7407A2A703C0E00D1F3B4 /* Assets.xcassets in Resources */ = {isa = PBXBuildFile; fileRef = 11D740792A703C0E00D1F3B4 /* Assets.xcassets */; };
		11D7408A2A703DB000D1F3B4 /* AppConstants.swift in Sources */ = {isa = PBXBuildFile; fileRef = 11D740842A703DB000D1F3B4 /* AppConstants.swift */; };
		11D7408B2A703DB000D1F3B4 /* QuizVC.swift in Sources */ = {isa = PBXBuildFile; fileRef = 11D740852A703DB000D1F3B4 /* QuizVC.swift */; };
		11D7408C2A703DB000D1F3B4 /* WorldVC.swift in Sources */ = {isa = PBXBuildFile; fileRef = 11D740862A703DB000D1F3B4 /* WorldVC.swift */; };
		11D7408D2A703DB000D1F3B4 /* ConstilationVC.swift in Sources */ = {isa = PBXBuildFile; fileRef = 11D740872A703DB000D1F3B4 /* ConstilationVC.swift */; };
		11D7408F2A703DB000D1F3B4 /* worldInfoCellVC.swift in Sources */ = {isa = PBXBuildFile; fileRef = 11D740892A703DB000D1F3B4 /* worldInfoCellVC.swift */; };
		11D740912A7050BD00D1F3B4 /* QuizcellTVC.swift in Sources */ = {isa = PBXBuildFile; fileRef = 11D740902A7050BD00D1F3B4 /* QuizcellTVC.swift */; };
/* End PBXBuildFile section */

/* Begin PBXFileReference section */
		111463F72A71BE27005DFAD2 /* SplashVC.swift */ = {isa = PBXFileReference; lastKnownFileType = sourcecode.swift; path = SplashVC.swift; sourceTree = "<group>"; };
		113C35C72A743C2600E66983 /* Launch Screen.storyboard */ = {isa = PBXFileReference; lastKnownFileType = file.storyboard; path = "Launch Screen.storyboard"; sourceTree = "<group>"; };
		114DEF3C2A7C3F2300232B66 /* UserStars+CoreDataClass.swift */ = {isa = PBXFileReference; lastKnownFileType = sourcecode.swift; path = "UserStars+CoreDataClass.swift"; sourceTree = "<group>"; };
		114DEF3E2A7C3F2300232B66 /* UserResponse+CoreDataClass.swift */ = {isa = PBXFileReference; lastKnownFileType = sourcecode.swift; path = "UserResponse+CoreDataClass.swift"; sourceTree = "<group>"; };
		114FD75E2A9670F2004F98FA /* StarChecks+CoreDataClass.swift */ = {isa = PBXFileReference; lastKnownFileType = sourcecode.swift; path = "StarChecks+CoreDataClass.swift"; sourceTree = "<group>"; };
		11D7406A2A703C0E00D1F3B4 /* Astro Quiz.app */ = {isa = PBXFileReference; explicitFileType = wrapper.application; includeInIndex = 0; path = "Astro Quiz.app"; sourceTree = BUILT_PRODUCTS_DIR; };
		11D7406D2A703C0E00D1F3B4 /* AppDelegate.swift */ = {isa = PBXFileReference; lastKnownFileType = sourcecode.swift; path = AppDelegate.swift; sourceTree = "<group>"; };
		11D7406F2A703C0E00D1F3B4 /* SceneDelegate.swift */ = {isa = PBXFileReference; lastKnownFileType = sourcecode.swift; path = SceneDelegate.swift; sourceTree = "<group>"; };
		11D740742A703C0E00D1F3B4 /* Base */ = {isa = PBXFileReference; lastKnownFileType = file.storyboard; name = Base; path = Base.lproj/Main.storyboard; sourceTree = "<group>"; };
		11D740772A703C0E00D1F3B4 /* AstroQuizz.xcdatamodel */ = {isa = PBXFileReference; lastKnownFileType = wrapper.xcdatamodel; path = AstroQuizz.xcdatamodel; sourceTree = "<group>"; };
		11D740792A703C0E00D1F3B4 /* Assets.xcassets */ = {isa = PBXFileReference; lastKnownFileType = folder.assetcatalog; path = Assets.xcassets; sourceTree = "<group>"; };
		11D7407E2A703C0E00D1F3B4 /* Info.plist */ = {isa = PBXFileReference; lastKnownFileType = text.plist.xml; path = Info.plist; sourceTree = "<group>"; };
		11D740842A703DB000D1F3B4 /* AppConstants.swift */ = {isa = PBXFileReference; fileEncoding = 4; lastKnownFileType = sourcecode.swift; path = AppConstants.swift; sourceTree = "<group>"; };
		11D740852A703DB000D1F3B4 /* QuizVC.swift */ = {isa = PBXFileReference; fileEncoding = 4; lastKnownFileType = sourcecode.swift; path = QuizVC.swift; sourceTree = "<group>"; };
		11D740862A703DB000D1F3B4 /* WorldVC.swift */ = {isa = PBXFileReference; fileEncoding = 4; lastKnownFileType = sourcecode.swift; path = WorldVC.swift; sourceTree = "<group>"; };
		11D740872A703DB000D1F3B4 /* ConstilationVC.swift */ = {isa = PBXFileReference; fileEncoding = 4; lastKnownFileType = sourcecode.swift; path = ConstilationVC.swift; sourceTree = "<group>"; };
		11D740892A703DB000D1F3B4 /* worldInfoCellVC.swift */ = {isa = PBXFileReference; fileEncoding = 4; lastKnownFileType = sourcecode.swift; path = worldInfoCellVC.swift; sourceTree = "<group>"; };
		11D740902A7050BD00D1F3B4 /* QuizcellTVC.swift */ = {isa = PBXFileReference; lastKnownFileType = sourcecode.swift; path = QuizcellTVC.swift; sourceTree = "<group>"; };
/* End PBXFileReference section */

/* Begin PBXFrameworksBuildPhase section */
		11D740672A703C0E00D1F3B4 /* Frameworks */ = {
			isa = PBXFrameworksBuildPhase;
			buildActionMask = 2147483647;
			files = (
				113C35C42A741CCB00E66983 /* Lottie in Frameworks */,
			);
			runOnlyForDeploymentPostprocessing = 0;
		};
/* End PBXFrameworksBuildPhase section */

/* Begin PBXGroup section */
		111463F62A71BC2F005DFAD2 /* LaunchScreen */ = {
			isa = PBXGroup;
			children = (
				111463F72A71BE27005DFAD2 /* SplashVC.swift */,
				113C35C72A743C2600E66983 /* Launch Screen.storyboard */,
			);
			path = LaunchScreen;
			sourceTree = "<group>";
		};
		114DEF462A7C4A2800232B66 /* CoreDataFiles */ = {
			isa = PBXGroup;
			children = (
				114DEF3C2A7C3F2300232B66 /* UserStars+CoreDataClass.swift */,
				114FD75E2A9670F2004F98FA /* StarChecks+CoreDataClass.swift */,
				114DEF3E2A7C3F2300232B66 /* UserResponse+CoreDataClass.swift */,
				11D740762A703C0E00D1F3B4 /* AstroQuizz.xcdatamodeld */,
			);
			path = CoreDataFiles;
			sourceTree = "<group>";
		};
		11D740612A703C0E00D1F3B4 = {
			isa = PBXGroup;
			children = (
				11D7406C2A703C0E00D1F3B4 /* AstroQuizz */,
				11D7406B2A703C0E00D1F3B4 /* Products */,
			);
			sourceTree = "<group>";
		};
		11D7406B2A703C0E00D1F3B4 /* Products */ = {
			isa = PBXGroup;
			children = (
				11D7406A2A703C0E00D1F3B4 /* Astro Quiz.app */,
			);
			name = Products;
			sourceTree = "<group>";
		};
		11D7406C2A703C0E00D1F3B4 /* AstroQuizz */ = {
			isa = PBXGroup;
			children = (
				114DEF462A7C4A2800232B66 /* CoreDataFiles */,
				111463F62A71BC2F005DFAD2 /* LaunchScreen */,
				11D7406D2A703C0E00D1F3B4 /* AppDelegate.swift */,
				11D7406F2A703C0E00D1F3B4 /* SceneDelegate.swift */,
				11D740732A703C0E00D1F3B4 /* Main.storyboard */,
				11D740902A7050BD00D1F3B4 /* QuizcellTVC.swift */,
				11D740792A703C0E00D1F3B4 /* Assets.xcassets */,
				11D7407E2A703C0E00D1F3B4 /* Info.plist */,
				11D740842A703DB000D1F3B4 /* AppConstants.swift */,
				11D740872A703DB000D1F3B4 /* ConstilationVC.swift */,
				11D740852A703DB000D1F3B4 /* QuizVC.swift */,
				11D740892A703DB000D1F3B4 /* worldInfoCellVC.swift */,
				11D740862A703DB000D1F3B4 /* WorldVC.swift */,
			);
			path = AstroQuizz;
			sourceTree = "<group>";
		};
/* End PBXGroup section */

/* Begin PBXNativeTarget section */
		11D740692A703C0E00D1F3B4 /* Astro Quiz */ = {
			isa = PBXNativeTarget;
			buildConfigurationList = 11D740812A703C0E00D1F3B4 /* Build configuration list for PBXNativeTarget "Astro Quiz" */;
			buildPhases = (
				11D740662A703C0E00D1F3B4 /* Sources */,
				11D740672A703C0E00D1F3B4 /* Frameworks */,
				11D740682A703C0E00D1F3B4 /* Resources */,
			);
			buildRules = (
			);
			dependencies = (
			);
			name = "Astro Quiz";
			packageProductDependencies = (
				113C35C32A741CCB00E66983 /* Lottie */,
			);
			productName = AstroQuizz;
			productReference = 11D7406A2A703C0E00D1F3B4 /* Astro Quiz.app */;
			productType = "com.apple.product-type.application";
		};
/* End PBXNativeTarget section */

/* Begin PBXProject section */
		11D740622A703C0E00D1F3B4 /* Project object */ = {
			isa = PBXProject;
			attributes = {
				BuildIndependentTargetsInParallel = 1;
				LastSwiftUpdateCheck = 1430;
				LastUpgradeCheck = 1500;
				TargetAttributes = {
					11D740692A703C0E00D1F3B4 = {
						CreatedOnToolsVersion = 14.3.1;
					};
				};
			};
			buildConfigurationList = 11D740652A703C0E00D1F3B4 /* Build configuration list for PBXProject "Astro Quiz" */;
			compatibilityVersion = "Xcode 14.0";
			developmentRegion = en;
			hasScannedForEncodings = 0;
			knownRegions = (
				en,
				Base,
			);
			mainGroup = 11D740612A703C0E00D1F3B4;
			packageReferences = (
				113C35C22A741CCB00E66983 /* XCRemoteSwiftPackageReference "lottie-ios" */,
			);
			productRefGroup = 11D7406B2A703C0E00D1F3B4 /* Products */;
			projectDirPath = "";
			projectRoot = "";
			targets = (
				11D740692A703C0E00D1F3B4 /* Astro Quiz */,
			);
		};
/* End PBXProject section */

/* Begin PBXResourcesBuildPhase section */
		11D740682A703C0E00D1F3B4 /* Resources */ = {
			isa = PBXResourcesBuildPhase;
			buildActionMask = 2147483647;
			files = (
				113C35C82A743C2600E66983 /* Launch Screen.storyboard in Resources */,
				11D7407A2A703C0E00D1F3B4 /* Assets.xcassets in Resources */,
				11D740752A703C0E00D1F3B4 /* Main.storyboard in Resources */,
			);
			runOnlyForDeploymentPostprocessing = 0;
		};
/* End PBXResourcesBuildPhase section */

/* Begin PBXSourcesBuildPhase section */
		11D740662A703C0E00D1F3B4 /* Sources */ = {
			isa = PBXSourcesBuildPhase;
			buildActionMask = 2147483647;
			files = (
				111463F82A71BE27005DFAD2 /* SplashVC.swift in Sources */,
				114DEF422A7C3F2300232B66 /* UserResponse+CoreDataClass.swift in Sources */,
				11D740912A7050BD00D1F3B4 /* QuizcellTVC.swift in Sources */,
				11D7408C2A703DB000D1F3B4 /* WorldVC.swift in Sources */,
				11D7408B2A703DB000D1F3B4 /* QuizVC.swift in Sources */,
				11D7406E2A703C0E00D1F3B4 /* AppDelegate.swift in Sources */,
				11D7408F2A703DB000D1F3B4 /* worldInfoCellVC.swift in Sources */,
				114FD7602A9670F2004F98FA /* StarChecks+CoreDataClass.swift in Sources */,
				11D7408A2A703DB000D1F3B4 /* AppConstants.swift in Sources */,
				11D740702A703C0E00D1F3B4 /* SceneDelegate.swift in Sources */,
				11D740782A703C0E00D1F3B4 /* AstroQuizz.xcdatamodeld in Sources */,
				11D7408D2A703DB000D1F3B4 /* ConstilationVC.swift in Sources */,
				114DEF402A7C3F2300232B66 /* UserStars+CoreDataClass.swift in Sources */,
			);
			runOnlyForDeploymentPostprocessing = 0;
		};
/* End PBXSourcesBuildPhase section */

/* Begin PBXVariantGroup section */
		11D740732A703C0E00D1F3B4 /* Main.storyboard */ = {
			isa = PBXVariantGroup;
			children = (
				11D740742A703C0E00D1F3B4 /* Base */,
			);
			name = Main.storyboard;
			sourceTree = "<group>";
		};
/* End PBXVariantGroup section */

/* Begin XCBuildConfiguration section */
		11D7407F2A703C0E00D1F3B4 /* Debug */ = {
			isa = XCBuildConfiguration;
			buildSettings = {
				ALWAYS_SEARCH_USER_PATHS = NO;
				ASSETCATALOG_COMPILER_GENERATE_SWIFT_ASSET_SYMBOL_EXTENSIONS = YES;
				CLANG_ANALYZER_NONNULL = YES;
				CLANG_ANALYZER_NUMBER_OBJECT_CONVERSION = YES_AGGRESSIVE;
				CLANG_CXX_LANGUAGE_STANDARD = "gnu++20";
				CLANG_ENABLE_MODULES = YES;
				CLANG_ENABLE_OBJC_ARC = YES;
				CLANG_ENABLE_OBJC_WEAK = YES;
				CLANG_WARN_BLOCK_CAPTURE_AUTORELEASING = YES;
				CLANG_WARN_BOOL_CONVERSION = YES;
				CLANG_WARN_COMMA = YES;
				CLANG_WARN_CONSTANT_CONVERSION = YES;
				CLANG_WARN_DEPRECATED_OBJC_IMPLEMENTATIONS = YES;
				CLANG_WARN_DIRECT_OBJC_ISA_USAGE = YES_ERROR;
				CLANG_WARN_DOCUMENTATION_COMMENTS = YES;
				CLANG_WARN_EMPTY_BODY = YES;
				CLANG_WARN_ENUM_CONVERSION = YES;
				CLANG_WARN_INFINITE_RECURSION = YES;
				CLANG_WARN_INT_CONVERSION = YES;
				CLANG_WARN_NON_LITERAL_NULL_CONVERSION = YES;
				CLANG_WARN_OBJC_IMPLICIT_RETAIN_SELF = YES;
				CLANG_WARN_OBJC_LITERAL_CONVERSION = YES;
				CLANG_WARN_OBJC_ROOT_CLASS = YES_ERROR;
				CLANG_WARN_QUOTED_INCLUDE_IN_FRAMEWORK_HEADER = YES;
				CLANG_WARN_RANGE_LOOP_ANALYSIS = YES;
				CLANG_WARN_STRICT_PROTOTYPES = YES;
				CLANG_WARN_SUSPICIOUS_MOVE = YES;
				CLANG_WARN_UNGUARDED_AVAILABILITY = YES_AGGRESSIVE;
				CLANG_WARN_UNREACHABLE_CODE = YES;
				CLANG_WARN__DUPLICATE_METHOD_MATCH = YES;
				COPY_PHASE_STRIP = NO;
				DEBUG_INFORMATION_FORMAT = dwarf;
				ENABLE_STRICT_OBJC_MSGSEND = YES;
				ENABLE_TESTABILITY = YES;
				ENABLE_USER_SCRIPT_SANDBOXING = YES;
				GCC_C_LANGUAGE_STANDARD = gnu11;
				GCC_DYNAMIC_NO_PIC = NO;
				GCC_NO_COMMON_BLOCKS = YES;
				GCC_OPTIMIZATION_LEVEL = 0;
				GCC_PREPROCESSOR_DEFINITIONS = (
					"DEBUG=1",
					"$(inherited)",
				);
				GCC_WARN_64_TO_32_BIT_CONVERSION = YES;
				GCC_WARN_ABOUT_RETURN_TYPE = YES_ERROR;
				GCC_WARN_UNDECLARED_SELECTOR = YES;
				GCC_WARN_UNINITIALIZED_AUTOS = YES_AGGRESSIVE;
				GCC_WARN_UNUSED_FUNCTION = YES;
				GCC_WARN_UNUSED_VARIABLE = YES;
				INFOPLIST_KEY_UILaunchScreen_Generation = NO;
				IPHONEOS_DEPLOYMENT_TARGET = 16.6;
				MTL_ENABLE_DEBUG_INFO = INCLUDE_SOURCE;
				MTL_FAST_MATH = YES;
				ONLY_ACTIVE_ARCH = YES;
				SDKROOT = iphoneos;
				SWIFT_ACTIVE_COMPILATION_CONDITIONS = DEBUG;
				SWIFT_OPTIMIZATION_LEVEL = "-Onone";
			};
			name = Debug;
		};
		11D740802A703C0E00D1F3B4 /* Release */ = {
			isa = XCBuildConfiguration;
			buildSettings = {
				ALWAYS_SEARCH_USER_PATHS = NO;
				ASSETCATALOG_COMPILER_GENERATE_SWIFT_ASSET_SYMBOL_EXTENSIONS = YES;
				CLANG_ANALYZER_NONNULL = YES;
				CLANG_ANALYZER_NUMBER_OBJECT_CONVERSION = YES_AGGRESSIVE;
				CLANG_CXX_LANGUAGE_STANDARD = "gnu++20";
				CLANG_ENABLE_MODULES = YES;
				CLANG_ENABLE_OBJC_ARC = YES;
				CLANG_ENABLE_OBJC_WEAK = YES;
				CLANG_WARN_BLOCK_CAPTURE_AUTORELEASING = YES;
				CLANG_WARN_BOOL_CONVERSION = YES;
				CLANG_WARN_COMMA = YES;
				CLANG_WARN_CONSTANT_CONVERSION = YES;
				CLANG_WARN_DEPRECATED_OBJC_IMPLEMENTATIONS = YES;
				CLANG_WARN_DIRECT_OBJC_ISA_USAGE = YES_ERROR;
				CLANG_WARN_DOCUMENTATION_COMMENTS = YES;
				CLANG_WARN_EMPTY_BODY = YES;
				CLANG_WARN_ENUM_CONVERSION = YES;
				CLANG_WARN_INFINITE_RECURSION = YES;
				CLANG_WARN_INT_CONVERSION = YES;
				CLANG_WARN_NON_LITERAL_NULL_CONVERSION = YES;
				CLANG_WARN_OBJC_IMPLICIT_RETAIN_SELF = YES;
				CLANG_WARN_OBJC_LITERAL_CONVERSION = YES;
				CLANG_WARN_OBJC_ROOT_CLASS = YES_ERROR;
				CLANG_WARN_QUOTED_INCLUDE_IN_FRAMEWORK_HEADER = YES;
				CLANG_WARN_RANGE_LOOP_ANALYSIS = YES;
				CLANG_WARN_STRICT_PROTOTYPES = YES;
				CLANG_WARN_SUSPICIOUS_MOVE = YES;
				CLANG_WARN_UNGUARDED_AVAILABILITY = YES_AGGRESSIVE;
				CLANG_WARN_UNREACHABLE_CODE = YES;
				CLANG_WARN__DUPLICATE_METHOD_MATCH = YES;
				COPY_PHASE_STRIP = NO;
				DEBUG_INFORMATION_FORMAT = "dwarf-with-dsym";
				ENABLE_NS_ASSERTIONS = NO;
				ENABLE_STRICT_OBJC_MSGSEND = YES;
				ENABLE_USER_SCRIPT_SANDBOXING = YES;
				GCC_C_LANGUAGE_STANDARD = gnu11;
				GCC_NO_COMMON_BLOCKS = YES;
				GCC_WARN_64_TO_32_BIT_CONVERSION = YES;
				GCC_WARN_ABOUT_RETURN_TYPE = YES_ERROR;
				GCC_WARN_UNDECLARED_SELECTOR = YES;
				GCC_WARN_UNINITIALIZED_AUTOS = YES_AGGRESSIVE;
				GCC_WARN_UNUSED_FUNCTION = YES;
				GCC_WARN_UNUSED_VARIABLE = YES;
				INFOPLIST_KEY_UILaunchScreen_Generation = NO;
				IPHONEOS_DEPLOYMENT_TARGET = 16.6;
				MTL_ENABLE_DEBUG_INFO = NO;
				MTL_FAST_MATH = YES;
				SDKROOT = iphoneos;
				SWIFT_COMPILATION_MODE = wholemodule;
				SWIFT_OPTIMIZATION_LEVEL = "-O";
				VALIDATE_PRODUCT = YES;
			};
			name = Release;
		};
		11D740822A703C0E00D1F3B4 /* Debug */ = {
			isa = XCBuildConfiguration;
			buildSettings = {
				ASSETCATALOG_COMPILER_APPICON_NAME = AppIcon;
				ASSETCATALOG_COMPILER_GLOBAL_ACCENT_COLOR_NAME = AccentColor;
				ASSETCATALOG_COMPILER_INCLUDE_ALL_APPICON_ASSETS = NO;
				CODE_SIGN_IDENTITY = "Apple Development";
				CODE_SIGN_STYLE = Automatic;
				CURRENT_PROJECT_VERSION = 1;
				DEVELOPMENT_TEAM = G2ZAX779U4;
				GENERATE_INFOPLIST_FILE = YES;
				INFOPLIST_FILE = AstroQuizz/Info.plist;
				INFOPLIST_KEY_CFBundleDisplayName = "Astro Quiz";
				INFOPLIST_KEY_LSApplicationCategoryType = "public.app-category.games";
				INFOPLIST_KEY_UIApplicationSupportsIndirectInputEvents = YES;
				INFOPLIST_KEY_UILaunchStoryboardName = "Launch Screen.storyboard";
				INFOPLIST_KEY_UIMainStoryboardFile = Main;
				INFOPLIST_KEY_UISupportedInterfaceOrientations_iPad = "UIInterfaceOrientationPortrait UIInterfaceOrientationPortraitUpsideDown UIInterfaceOrientationLandscapeLeft UIInterfaceOrientationLandscapeRight";
				INFOPLIST_KEY_UISupportedInterfaceOrientations_iPhone = "UIInterfaceOrientationPortrait UIInterfaceOrientationLandscapeLeft UIInterfaceOrientationLandscapeRight";
				IPHONEOS_DEPLOYMENT_TARGET = 17.0;
				LD_RUNPATH_SEARCH_PATHS = (
					"$(inherited)",
					"@executable_path/Frameworks",
				);
				MARKETING_VERSION = 1.0;
				PRODUCT_BUNDLE_IDENTIFIER = com.VKBandla.AstroQuizz;
				PRODUCT_NAME = "$(TARGET_NAME)";
				PROVISIONING_PROFILE_SPECIFIER = "";
				SWIFT_EMIT_LOC_STRINGS = YES;
				SWIFT_VERSION = 5.0;
				TARGETED_DEVICE_FAMILY = "1,2";
			};
			name = Debug;
		};
		11D740832A703C0E00D1F3B4 /* Release */ = {
			isa = XCBuildConfiguration;
			buildSettings = {
				ASSETCATALOG_COMPILER_APPICON_NAME = AppIcon;
				ASSETCATALOG_COMPILER_GLOBAL_ACCENT_COLOR_NAME = AccentColor;
				ASSETCATALOG_COMPILER_INCLUDE_ALL_APPICON_ASSETS = NO;
				CODE_SIGN_IDENTITY = "Apple Development";
				CODE_SIGN_STYLE = Automatic;
				CURRENT_PROJECT_VERSION = 1;
				DEVELOPMENT_TEAM = G2ZAX779U4;
				GENERATE_INFOPLIST_FILE = YES;
				INFOPLIST_FILE = AstroQuizz/Info.plist;
				INFOPLIST_KEY_CFBundleDisplayName = "Astro Quiz";
				INFOPLIST_KEY_LSApplicationCategoryType = "public.app-category.games";
				INFOPLIST_KEY_UIApplicationSupportsIndirectInputEvents = YES;
				INFOPLIST_KEY_UILaunchStoryboardName = "Launch Screen.storyboard";
				INFOPLIST_KEY_UIMainStoryboardFile = Main;
				INFOPLIST_KEY_UISupportedInterfaceOrientations_iPad = "UIInterfaceOrientationPortrait UIInterfaceOrientationPortraitUpsideDown UIInterfaceOrientationLandscapeLeft UIInterfaceOrientationLandscapeRight";
				INFOPLIST_KEY_UISupportedInterfaceOrientations_iPhone = "UIInterfaceOrientationPortrait UIInterfaceOrientationLandscapeLeft UIInterfaceOrientationLandscapeRight";
				IPHONEOS_DEPLOYMENT_TARGET = 17.0;
				LD_RUNPATH_SEARCH_PATHS = (
					"$(inherited)",
					"@executable_path/Frameworks",
				);
				MARKETING_VERSION = 1.0;
				PRODUCT_BUNDLE_IDENTIFIER = com.VKBandla.AstroQuizz;
				PRODUCT_NAME = "$(TARGET_NAME)";
				PROVISIONING_PROFILE_SPECIFIER = "";
				SWIFT_EMIT_LOC_STRINGS = YES;
				SWIFT_VERSION = 5.0;
				TARGETED_DEVICE_FAMILY = "1,2";
			};
			name = Release;
		};
/* End XCBuildConfiguration section */

/* Begin XCConfigurationList section */
		11D740652A703C0E00D1F3B4 /* Build configuration list for PBXProject "Astro Quiz" */ = {
			isa = XCConfigurationList;
			buildConfigurations = (
				11D7407F2A703C0E00D1F3B4 /* Debug */,
				11D740802A703C0E00D1F3B4 /* Release */,
			);
			defaultConfigurationIsVisible = 0;
			defaultConfigurationName = Release;
		};
		11D740812A703C0E00D1F3B4 /* Build configuration list for PBXNativeTarget "Astro Quiz" */ = {
			isa = XCConfigurationList;
			buildConfigurations = (
				11D740822A703C0E00D1F3B4 /* Debug */,
				11D740832A703C0E00D1F3B4 /* Release */,
			);
			defaultConfigurationIsVisible = 0;
			defaultConfigurationName = Release;
		};
/* End XCConfigurationList section */

/* Begin XCRemoteSwiftPackageReference section */
		113C35C22A741CCB00E66983 /* XCRemoteSwiftPackageReference "lottie-ios" */ = {
			isa = XCRemoteSwiftPackageReference;
			repositoryURL = "https://github.com/airbnb/lottie-ios.git";
			requirement = {
				kind = upToNextMajorVersion;
				minimumVersion = 4.0.0;
			};
		};
/* End XCRemoteSwiftPackageReference section */

/* Begin XCSwiftPackageProductDependency section */
		113C35C32A741CCB00E66983 /* Lottie */ = {
			isa = XCSwiftPackageProductDependency;
			package = 113C35C22A741CCB00E66983 /* XCRemoteSwiftPackageReference "lottie-ios" */;
			productName = Lottie;
		};
/* End XCSwiftPackageProductDependency section */

/* Begin XCVersionGroup section */
		11D740762A703C0E00D1F3B4 /* AstroQuizz.xcdatamodeld */ = {
			isa = XCVersionGroup;
			children = (
				11D740772A703C0E00D1F3B4 /* AstroQuizz.xcdatamodel */,
			);
			currentVersion = 11D740772A703C0E00D1F3B4 /* AstroQuizz.xcdatamodel */;
			path = AstroQuizz.xcdatamodeld;
			sourceTree = "<group>";
			versionGroupType = wrapper.xcdatamodel;
		};
/* End XCVersionGroup section */
	};
	rootObject = 11D740622A703C0E00D1F3B4 /* Project object */;
}
